
Microsoft Visual Studio Solution File, Format Version 12.00
# Visual Studio Version 17
VisualStudioVersion = 17.2.32616.157
MinimumVisualStudioVersion = 10.0.40219.1
Project("{FAE04EC0-301F-11D3-BF4B-00C04F79EFBC}") = "Eclerx.Kallem.2", "Eclerx.Kallem.2\Eclerx.Kallem.2.csproj", "{983A2A4C-8EAC-4D9F-AC5A-6A0FE6727DFE}"
EndProject
Global
	GlobalSection(SolutionConfigurationPlatforms) = preSolution
		Debug|Any CPU = Debug|Any CPU
		Release|Any CPU = Release|Any CPU
	EndGlobalSection
	GlobalSection(ProjectConfigurationPlatforms) = postSolution
		{983A2A4C-8EAC-4D9F-AC5A-6A0FE6727DFE}.Debug|Any CPU.ActiveCfg = Debug|Any CPU
		{983A2A4C-8EAC-4D9F-AC5A-6A0FE6727DFE}.Debug|Any CPU.Build.0 = Debug|Any CPU
		{983A2A4C-8EAC-4D9F-AC5A-6A0FE6727DFE}.Release|Any CPU.ActiveCfg = Release|Any CPU
		{983A2A4C-8EAC-4D9F-AC5A-6A0FE6727DFE}.Release|Any CPU.Build.0 = Release|Any CPU
	EndGlobalSection
	GlobalSection(SolutionProperties) = preSolution
		HideSolutionNode = FALSE
	EndGlobalSection
	GlobalSection(ExtensibilityGlobals) = postSolution
		SolutionGuid = {E04A7902-2ED9-4E45-8284-8DAB3F7B558B}
	EndGlobalSection
EndGlobal
